
Microsoft Visual Studio Solution File, Format Version 12.00
Project("{FAE04EC0-301F-11D3-BF4B-00C04F79EFBC}") = "Calculator", "Calculator\Calculator.csproj", "{9E8AFDD1-F062-466C-9F21-E7E64A38F2F8}"
EndProject
Project("{FAE04EC0-301F-11D3-BF4B-00C04F79EFBC}") = "Calculator.Specs", "Calculator.Specs\Calculator.Specs.csproj", "{ACB870F2-9F74-4A30-84E6-BBD09A6DFFF4}"
EndProject
Global
	GlobalSection(SolutionConfigurationPlatforms) = preSolution
		Debug|Any CPU = Debug|Any CPU
		Release|Any CPU = Release|Any CPU
	EndGlobalSection
	GlobalSection(ProjectConfigurationPlatforms) = postSolution
		{9E8AFDD1-F062-466C-9F21-E7E64A38F2F8}.Debug|Any CPU.ActiveCfg = Debug|Any CPU
		{9E8AFDD1-F062-466C-9F21-E7E64A38F2F8}.Debug|Any CPU.Build.0 = Debug|Any CPU
		{9E8AFDD1-F062-466C-9F21-E7E64A38F2F8}.Release|Any CPU.ActiveCfg = Release|Any CPU
		{9E8AFDD1-F062-466C-9F21-E7E64A38F2F8}.Release|Any CPU.Build.0 = Release|Any CPU
		{ACB870F2-9F74-4A30-84E6-BBD09A6DFFF4}.Debug|Any CPU.ActiveCfg = Debug|Any CPU
		{ACB870F2-9F74-4A30-84E6-BBD09A6DFFF4}.Debug|Any CPU.Build.0 = Debug|Any CPU
		{ACB870F2-9F74-4A30-84E6-BBD09A6DFFF4}.Release|Any CPU.ActiveCfg = Release|Any CPU
		{ACB870F2-9F74-4A30-84E6-BBD09A6DFFF4}.Release|Any CPU.Build.0 = Release|Any CPU
	EndGlobalSection
EndGlobal
